
Microsoft Visual Studio Solution File, Format Version 12.00
# Visual Studio 15
VisualStudioVersion = 15.0.27428.2015
MinimumVisualStudioVersion = 10.0.40219.1
Project("{FAE04EC0-301F-11D3-BF4B-00C04F79EFBC}") = "SitkaGroceryStore", "SitkaGroceryStore\SitkaGroceryStore.csproj", "{9E1CA614-2962-4A74-B222-438E9F7C0409}"
EndProject
Global
	GlobalSection(SolutionConfigurationPlatforms) = preSolution
		Debug|Any CPU = Debug|Any CPU
		Release|Any CPU = Release|Any CPU
	EndGlobalSection
	GlobalSection(ProjectConfigurationPlatforms) = postSolution
		{9E1CA614-2962-4A74-B222-438E9F7C0409}.Debug|Any CPU.ActiveCfg = Debug|Any CPU
		{9E1CA614-2962-4A74-B222-438E9F7C0409}.Debug|Any CPU.Build.0 = Debug|Any CPU
		{9E1CA614-2962-4A74-B222-438E9F7C0409}.Release|Any CPU.ActiveCfg = Release|Any CPU
		{9E1CA614-2962-4A74-B222-438E9F7C0409}.Release|Any CPU.Build.0 = Release|Any CPU
	EndGlobalSection
	GlobalSection(SolutionProperties) = preSolution
		HideSolutionNode = FALSE
	EndGlobalSection
	GlobalSection(ExtensibilityGlobals) = postSolution
		SolutionGuid = {FA222C3A-0D8A-4C85-BEBF-D63B7A5BBE73}
	EndGlobalSection
EndGlobal
